<?xml version="1.0" encoding="utf-8"?>
<Project ToolsVersion="4.0" xmlns="http://schemas.microsoft.com/developer/msbuild/2003">
  <ItemGroup>
    <Filter Include="Source Files">
      <UniqueIdentifier>{4FC737F1-C7A5-4376-A066-2A32D752A2FF}</UniqueIdentifier>
      <Extensions>cpp;c;cc;cxx;def;odl;idl;hpj;bat;asm;asmx</Extensions>
    </Filter>
    <Filter Include="Resource Files">
      <UniqueIdentifier>{67DA6AB6-F800-4c08-8B7A-83BB121AAD01}</UniqueIdentifier>
      <Extensions>rc;ico;cur;bmp;dlg;rc2;rct;bin;rgs;gif;jpg;jpeg;jpe;resx;tiff;tif;png;wav;mfcribbon-ms</Extensions>
    </Filter>
    <Filter Include="Resource Files\Shaders">
      <UniqueIdentifier>{d8c6f640-d50d-4388-8a50-90686886c71a}</UniqueIdentifier>
    </Filter>
    <Filter Include="Resource Files\Scenes">
      <UniqueIdentifier>{66439e2a-f58c-4c2a-aad1-3af2e58e4920}</UniqueIdentifier>
    </Filter>
    <Filter Include="Resource Files\Textures">
      <UniqueIdentifier>{88876fa3-1e9f-4223-8d1d-570a59edf1cd}</UniqueIdentifier>
    </Filter>
    <Filter Include="Headers">
      <UniqueIdentifier>{d978047d-5157-46a8-9849-b2bd52b1e80c}</UniqueIdentifier>
    </Filter>
  </ItemGroup>
  <ItemGroup>
    <None Include="..\Assets\Shader\default.frag">
      <Filter>Resource Files\Shaders</Filter>
    </None>
    <None Include="..\Assets\Shader\default.vert">
      <Filter>Resource Files\Shaders</Filter>
    </None>
    <None Include="..\Assets\Shader\framebuffer.frag">
      <Filter>Resource Files\Shaders</Filter>
    </None>
    <None Include="..\Assets\Shader\framebuffer.vert">
      <Filter>Resource Files\Shaders</Filter>
    </None>
    <None Include="..\Assets\Shader\shadowCubeMap.frag">
      <Filter>Resource Files\Shaders</Filter>
    </None>
    <None Include="..\Assets\Shader\shadowCubeMap.geom">
      <Filter>Resource Files\Shaders</Filter>
    </None>
    <None Include="..\Assets\Shader\shadowCubeMap.vert">
      <Filter>Resource Files\Shaders</Filter>
    </None>
    <None Include="..\Assets\Shader\shadowMap.frag">
      <Filter>Resource Files\Shaders</Filter>
    </None>
    <None Include="..\Assets\Shader\shadowMap.vert">
      <Filter>Resource Files\Shaders</Filter>
    </None>
  </ItemGroup>
  <ItemGroup>
    <ClCompile Include="..\Source\lab04.cpp">
      <Filter>Source Files</Filter>
    </ClCompile>
    <ClCompile Include="shaderClass.cpp">
      <Filter>Source Files</Filter>
    </ClCompile>
  </ItemGroup>
  <ItemGroup>
    <ClInclude Include="shaderClass.h">
      <Filter>Source Files</Filter>
    </ClInclude>
  </ItemGroup>
</Project>