<?xml version="1.0" encoding="utf-8"?>
<Project ToolsVersion="4.0" xmlns="http://schemas.microsoft.com/developer/msbuild/2003">
  <ItemGroup>
    <Filter Include="Source Files">
      <UniqueIdentifier>{4FC737F1-C7A5-4376-A066-2A32D752A2FF}</UniqueIdentifier>
      <Extensions>cpp;c;cc;cxx;def;odl;idl;hpj;bat;asm;asmx</Extensions>
    </Filter>
    <Filter Include="Resource Files">
      <UniqueIdentifier>{67DA6AB6-F800-4c08-8B7A-83BB121AAD01}</UniqueIdentifier>
      <Extensions>rc;ico;cur;bmp;dlg;rc2;rct;bin;rgs;gif;jpg;jpeg;jpe;resx;tiff;tif;png;wav;mfcribbon-ms</Extensions>
    </Filter>
    <Filter Include="Resource Files\Shaders">
      <UniqueIdentifier>{d91ad69c-09d2-46cb-a65d-991b68468ef4}</UniqueIdentifier>
    </Filter>
  </ItemGroup>
  <ItemGroup>
    <ClCompile Include="..\Source\lab04.cpp">
      <Filter>Source Files</Filter>
    </ClCompile>
  </ItemGroup>
  <ItemGroup>
    <None Include="..\Assets\Shaders\depth_fragment.glsl">
      <Filter>Resource Files\Shaders</Filter>
    </None>
    <None Include="..\Assets\Shaders\scene_fragment.glsl">
      <Filter>Resource Files\Shaders</Filter>
    </None>
    <None Include="..\Assets\Shaders\scene_vertex.glsl">
      <Filter>Resource Files\Shaders</Filter>
    </None>
    <None Include="..\Assets\Shaders\shadow_fragment.glsl">
      <Filter>Resource Files\Shaders</Filter>
    </None>
    <None Include="..\Assets\Shaders\shadow_vertex.glsl">
      <Filter>Resource Files\Shaders</Filter>
    </None>
  </ItemGroup>
  <ItemGroup>
    <ClInclude Include="..\Source\OBJloader.h">
      <Filter>Source Files</Filter>
    </ClInclude>
    <ClInclude Include="..\Source\OBJloaderV2.h">
      <Filter>Source Files</Filter>
    </ClInclude>
    <ClInclude Include="..\Source\shaderloader.h">
      <Filter>Source Files</Filter>
    </ClInclude>
  </ItemGroup>
</Project>